<?xml version="1.0" encoding="utf-8"?>
<Project ToolsVersion="4.0" xmlns="http://schemas.microsoft.com/developer/msbuild/2003">
  <ItemGroup>
    <Filter Include="Source Files">
      <UniqueIdentifier>{4FC737F1-C7A5-4376-A066-2A32D752A2FF}</UniqueIdentifier>
      <Extensions>cpp;c;cc;cxx;def;odl;idl;hpj;bat;asm;asmx</Extensions>
    </Filter>
    <Filter Include="Header Files">
      <UniqueIdentifier>{93995380-89BD-4b04-88EB-625FBE52EBFB}</UniqueIdentifier>
      <Extensions>h;hh;hpp;hxx;hm;inl;inc;xsd</Extensions>
    </Filter>
    <Filter Include="Utilities">
      <UniqueIdentifier>{67DA6AB6-F800-4c08-8B7A-83BB121AAD01}</UniqueIdentifier>
      <Extensions>rc;ico;cur;bmp;dlg;rc2;rct;bin;rgs;gif;jpg;jpeg;jpe;resx;tiff;tif;png;wav</Extensions>
    </Filter>
  </ItemGroup>
  <ItemGroup>
    <ClCompile Include="src\Chunk.cpp">
      <Filter>Source Files</Filter>
    </ClCompile>
    <ClCompile Include="src\FPSDisplay.cpp">
      <Filter>Source Files</Filter>
    </ClCompile>
    <ClCompile Include="src\FreeCamera.cpp">
      <Filter>Source Files</Filter>
    </ClCompile>
    <ClCompile Include="src\Landscape.cpp">
      <Filter>Source Files</Filter>
    </ClCompile>
    <ClCompile Include="src\main.cpp">
      <Filter>Source Files</Filter>
    </ClCompile>
    <ClCompile Include="src\ShadingProgram.cpp">
      <Filter>Source Files</Filter>
    </ClCompile>
    <ClCompile Include="src\SkyBox.cpp">
      <Filter>Source Files</Filter>
    </ClCompile>
    <ClCompile Include="src\Text.cpp">
      <Filter>Source Files</Filter>
    </ClCompile>
    <ClCompile Include="src\Time.cpp">
      <Filter>Source Files</Filter>
    </ClCompile>
    <ClCompile Include="src\Window.cpp">
      <Filter>Source Files</Filter>
    </ClCompile>
    <ClCompile Include="src\CLW.cpp">
      <Filter>Source Files</Filter>
    </ClCompile>
    <ClCompile Include="src\AABB.cpp">
      <Filter>Source Files</Filter>
    </ClCompile>
    <ClCompile Include="src\Frustum.cpp">
      <Filter>Source Files</Filter>
    </ClCompile>
    <ClCompile Include="src\Lighting.cpp">
      <Filter>Source Files</Filter>
    </ClCompile>
    <ClCompile Include="src\ChunkLoader.cpp">
      <Filter>Source Files</Filter>
    </ClCompile>
    <ClCompile Include="src\Texture.cpp">
      <Filter>Source Files</Filter>
    </ClCompile>
    <ClCompile Include="src\lodepng.cpp">
      <Filter>Utilities</Filter>
    </ClCompile>
    <ClCompile Include="src\Octree.cpp">
      <Filter>Source Files</Filter>
    </ClCompile>
  </ItemGroup>
  <ItemGroup>
    <ClInclude Include="src\DebugTimer.h">
      <Filter>Utilities</Filter>
    </ClInclude>
    <ClInclude Include="src\CLW.h">
      <Filter>Header Files</Filter>
    </ClInclude>
    <ClInclude Include="src\AABB.h">
      <Filter>Header Files</Filter>
    </ClInclude>
    <ClInclude Include="src\Frustum.h">
      <Filter>Header Files</Filter>
    </ClInclude>
    <ClInclude Include="src\Lighting.h">
      <Filter>Header Files</Filter>
    </ClInclude>
    <ClInclude Include="src\lodepng.h">
      <Filter>Utilities</Filter>
    </ClInclude>
    <ClInclude Include="src\Octree.h">
      <Filter>Header Files</Filter>
    </ClInclude>
    <ClInclude Include="src\Chunk.h">
      <Filter>Header Files</Filter>
    </ClInclude>
    <ClInclude Include="src\ChunkLoader.h">
      <Filter>Header Files</Filter>
    </ClInclude>
    <ClInclude Include="src\FPSDisplay.h">
      <Filter>Header Files</Filter>
    </ClInclude>
    <ClInclude Include="src\FreeCamera.h">
      <Filter>Header Files</Filter>
    </ClInclude>
    <ClInclude Include="src\Landscape.h">
      <Filter>Header Files</Filter>
    </ClInclude>
    <ClInclude Include="src\ShadingProgram.h">
      <Filter>Header Files</Filter>
    </ClInclude>
    <ClInclude Include="src\SkyBox.h">
      <Filter>Header Files</Filter>
    </ClInclude>
    <ClInclude Include="src\Text.h">
      <Filter>Header Files</Filter>
    </ClInclude>
    <ClInclude Include="src\Texture.h">
      <Filter>Header Files</Filter>
    </ClInclude>
    <ClInclude Include="src\Time.h">
      <Filter>Header Files</Filter>
    </ClInclude>
    <ClInclude Include="src\Window.h">
      <Filter>Header Files</Filter>
    </ClInclude>
  </ItemGroup>
  <ItemGroup>
    <None Include="src\shaders\skybox.frag" />
    <None Include="src\shaders\text.frag" />
    <None Include="src\shaders\voxel.frag" />
    <None Include="src\shaders\skybox.vert" />
    <None Include="src\shaders\text.vert" />
    <None Include="src\shaders\voxel.vert" />
  </ItemGroup>
</Project>